Microsoft Visual Studio Solution File, Format Version 12.00
# Visual Studio 15
VisualStudioVersion = 15.0.26228.4
MinimumVisualStudioVersion = 10.0.40219.1
Project("{9A19103F-16F7-4668-BE54-9A1E7A4F7556}") = "Proto", "Proto\Proto.csproj", "{13B6DFC8-F5F6-4CC2-99DF-57A7CF042033}"
EndProject
Project("{9A19103F-16F7-4668-BE54-9A1E7A4F7556}") = "TrackManager", "TrackManager\TrackManager.csproj", "{DDBFF994-E076-43AD-B18D-049DFC1B670C}"
EndProject
Project("{9A19103F-16F7-4668-BE54-9A1E7A4F7556}") = "ReflexUtility", "Reflex-Utility\ReflexUtility.csproj", "{BA4E04BD-2028-41CD-89B2-B06A7B6D39B1}"
EndProject
Project("{FAE04EC0-301F-11D3-BF4B-00C04F79EFBC}") = "TrackManagerUpdater", "TrackManagerUpdater\TrackManagerUpdater.csproj", "{4470BF01-C888-4F02-A324-F736E463E41A}"
EndProject
Project("{9A19103F-16F7-4668-BE54-9A1E7A4F7556}") = "InvalidTrackHandler", "InvalidTrackHandler\InvalidTrackHandler.csproj", "{3C2D6141-9A25-49D4-8044-C87B14C231EF}"
EndProject
Project("{9A19103F-16F7-4668-BE54-9A1E7A4F7556}") = "BeginPollingReflexCentral", "Lambdas\BeginPollingReflexCentral\BeginPollingReflexCentral.csproj", "{CFCAA6EF-8DA8-4764-9392-0F7188B8D531}"
EndProject
Project("{2150E333-8FDC-42A3-9474-1A3956D46DE8}") = "Lambdas", "Lambdas", "{E4EC6B2A-012E-4656-ABBD-090D027D6AD7}"
EndProject
Project("{9A19103F-16F7-4668-BE54-9A1E7A4F7556}") = "PollReflexCentralForNewTracks", "Lambdas\PollReflexCentralForNewTracks\PollReflexCentralForNewTracks.csproj", "{DF4A21BA-B498-475A-9EDC-94C36701F9B5}"
EndProject
Project("{9A19103F-16F7-4668-BE54-9A1E7A4F7556}") = "PollReflexCentralForNewTracks.Tests", "Lambdas\PollReflexCentralForNewTracks.Tests\PollReflexCentralForNewTracks.Tests.csproj", "{0AC3E788-515D-4CF3-A5B6-2ADD6AF5F8FB}"
EndProject
Project("{2150E333-8FDC-42A3-9474-1A3956D46DE8}") = "Tests", "Tests", "{3DC6471E-FCC4-4DA3-9E8A-B470F1DF951E}"
EndProject
Project("{2150E333-8FDC-42A3-9474-1A3956D46DE8}") = "Reflex-Central", "Reflex-Central", "{9DDAA4D9-3334-459E-B359-2E22E87EF10E}"
EndProject
Project("{9A19103F-16F7-4668-BE54-9A1E7A4F7556}") = "UploadReflexTrackToS3", "Lambdas\UploadReflexTrackToS3\UploadReflexTrackToS3.csproj", "{04F8ABAC-878E-4383-ABF7-82FC5E6BFED6}"
EndProject
Project("{9A19103F-16F7-4668-BE54-9A1E7A4F7556}") = "UploadReflexTrackToS3.Tests", "Lambdas\UploadReflexTrackToS3.Tests\UploadReflexTrackToS3.Tests.csproj", "{ABEAA437-C2CA-4C20-9A98-34FFCF8EC5E0}"
EndProject
Project("{9A19103F-16F7-4668-BE54-9A1E7A4F7556}") = "PollDs19TrackList", "Lambdas\PollDs19TrackList\PollDs19TrackList.csproj", "{17914F9E-CB50-4F12-AA58-1A51394A1778}"
EndProject
Project("{9A19103F-16F7-4668-BE54-9A1E7A4F7556}") = "PollDs19TrackList.Tests", "Lambdas\PollDs19TrackList.Tests\PollDs19TrackList.Tests.csproj", "{1A987859-819E-4266-8C44-8BFE7AEA6646}"
EndProject
Project("{2150E333-8FDC-42A3-9474-1A3956D46DE8}") = "Ds19", "Ds19", "{00B4E88D-1D1D-4DE1-BE8F-BE17DB77245F}"
EndProject
Global
	GlobalSection(SolutionConfigurationPlatforms) = preSolution
		Debug|Any CPU = Debug|Any CPU
		Release|Any CPU = Release|Any CPU
	EndGlobalSection
	GlobalSection(ProjectConfigurationPlatforms) = postSolution
		{13B6DFC8-F5F6-4CC2-99DF-57A7CF042033}.Debug|Any CPU.ActiveCfg = Debug|Any CPU
		{13B6DFC8-F5F6-4CC2-99DF-57A7CF042033}.Debug|Any CPU.Build.0 = Debug|Any CPU
		{13B6DFC8-F5F6-4CC2-99DF-57A7CF042033}.Release|Any CPU.ActiveCfg = Release|Any CPU
		{13B6DFC8-F5F6-4CC2-99DF-57A7CF042033}.Release|Any CPU.Build.0 = Release|Any CPU
		{DDBFF994-E076-43AD-B18D-049DFC1B670C}.Debug|Any CPU.ActiveCfg = Debug|Any CPU
		{DDBFF994-E076-43AD-B18D-049DFC1B670C}.Debug|Any CPU.Build.0 = Debug|Any CPU
		{DDBFF994-E076-43AD-B18D-049DFC1B670C}.Release|Any CPU.ActiveCfg = Release|Any CPU
		{DDBFF994-E076-43AD-B18D-049DFC1B670C}.Release|Any CPU.Build.0 = Release|Any CPU
		{BA4E04BD-2028-41CD-89B2-B06A7B6D39B1}.Debug|Any CPU.ActiveCfg = Debug|Any CPU
		{BA4E04BD-2028-41CD-89B2-B06A7B6D39B1}.Debug|Any CPU.Build.0 = Debug|Any CPU
		{BA4E04BD-2028-41CD-89B2-B06A7B6D39B1}.Release|Any CPU.ActiveCfg = Release|Any CPU
		{BA4E04BD-2028-41CD-89B2-B06A7B6D39B1}.Release|Any CPU.Build.0 = Release|Any CPU
		{4470BF01-C888-4F02-A324-F736E463E41A}.Debug|Any CPU.ActiveCfg = Debug|Any CPU
		{4470BF01-C888-4F02-A324-F736E463E41A}.Debug|Any CPU.Build.0 = Debug|Any CPU
		{4470BF01-C888-4F02-A324-F736E463E41A}.Release|Any CPU.ActiveCfg = Release|Any CPU
		{4470BF01-C888-4F02-A324-F736E463E41A}.Release|Any CPU.Build.0 = Release|Any CPU
		{3C2D6141-9A25-49D4-8044-C87B14C231EF}.Debug|Any CPU.ActiveCfg = Debug|Any CPU
		{3C2D6141-9A25-49D4-8044-C87B14C231EF}.Debug|Any CPU.Build.0 = Debug|Any CPU
		{3C2D6141-9A25-49D4-8044-C87B14C231EF}.Release|Any CPU.ActiveCfg = Release|Any CPU
		{3C2D6141-9A25-49D4-8044-C87B14C231EF}.Release|Any CPU.Build.0 = Release|Any CPU
		{CFCAA6EF-8DA8-4764-9392-0F7188B8D531}.Debug|Any CPU.ActiveCfg = Debug|Any CPU
		{CFCAA6EF-8DA8-4764-9392-0F7188B8D531}.Debug|Any CPU.Build.0 = Debug|Any CPU
		{CFCAA6EF-8DA8-4764-9392-0F7188B8D531}.Release|Any CPU.ActiveCfg = Release|Any CPU
		{CFCAA6EF-8DA8-4764-9392-0F7188B8D531}.Release|Any CPU.Build.0 = Release|Any CPU
		{DF4A21BA-B498-475A-9EDC-94C36701F9B5}.Debug|Any CPU.ActiveCfg = Debug|Any CPU
		{DF4A21BA-B498-475A-9EDC-94C36701F9B5}.Debug|Any CPU.Build.0 = Debug|Any CPU
		{DF4A21BA-B498-475A-9EDC-94C36701F9B5}.Release|Any CPU.ActiveCfg = Release|Any CPU
		{DF4A21BA-B498-475A-9EDC-94C36701F9B5}.Release|Any CPU.Build.0 = Release|Any CPU
		{0AC3E788-515D-4CF3-A5B6-2ADD6AF5F8FB}.Debug|Any CPU.ActiveCfg = Debug|Any CPU
		{0AC3E788-515D-4CF3-A5B6-2ADD6AF5F8FB}.Debug|Any CPU.Build.0 = Debug|Any CPU
		{0AC3E788-515D-4CF3-A5B6-2ADD6AF5F8FB}.Release|Any CPU.ActiveCfg = Release|Any CPU
		{0AC3E788-515D-4CF3-A5B6-2ADD6AF5F8FB}.Release|Any CPU.Build.0 = Release|Any CPU
		{04F8ABAC-878E-4383-ABF7-82FC5E6BFED6}.Debug|Any CPU.ActiveCfg = Debug|Any CPU
		{04F8ABAC-878E-4383-ABF7-82FC5E6BFED6}.Debug|Any CPU.Build.0 = Debug|Any CPU
		{04F8ABAC-878E-4383-ABF7-82FC5E6BFED6}.Release|Any CPU.ActiveCfg = Release|Any CPU
		{04F8ABAC-878E-4383-ABF7-82FC5E6BFED6}.Release|Any CPU.Build.0 = Release|Any CPU
		{ABEAA437-C2CA-4C20-9A98-34FFCF8EC5E0}.Debug|Any CPU.ActiveCfg = Debug|Any CPU
		{ABEAA437-C2CA-4C20-9A98-34FFCF8EC5E0}.Debug|Any CPU.Build.0 = Debug|Any CPU
		{ABEAA437-C2CA-4C20-9A98-34FFCF8EC5E0}.Release|Any CPU.ActiveCfg = Release|Any CPU
		{ABEAA437-C2CA-4C20-9A98-34FFCF8EC5E0}.Release|Any CPU.Build.0 = Release|Any CPU
		{17914F9E-CB50-4F12-AA58-1A51394A1778}.Debug|Any CPU.ActiveCfg = Debug|Any CPU
		{17914F9E-CB50-4F12-AA58-1A51394A1778}.Debug|Any CPU.Build.0 = Debug|Any CPU
		{17914F9E-CB50-4F12-AA58-1A51394A1778}.Release|Any CPU.ActiveCfg = Release|Any CPU
		{17914F9E-CB50-4F12-AA58-1A51394A1778}.Release|Any CPU.Build.0 = Release|Any CPU
		{1A987859-819E-4266-8C44-8BFE7AEA6646}.Debug|Any CPU.ActiveCfg = Debug|Any CPU
		{1A987859-819E-4266-8C44-8BFE7AEA6646}.Debug|Any CPU.Build.0 = Debug|Any CPU
		{1A987859-819E-4266-8C44-8BFE7AEA6646}.Release|Any CPU.ActiveCfg = Release|Any CPU
		{1A987859-819E-4266-8C44-8BFE7AEA6646}.Release|Any CPU.Build.0 = Release|Any CPU
	EndGlobalSection
	GlobalSection(SolutionProperties) = preSolution
		HideSolutionNode = FALSE
	EndGlobalSection
	GlobalSection(NestedProjects) = preSolution
		{CFCAA6EF-8DA8-4764-9392-0F7188B8D531} = {9DDAA4D9-3334-459E-B359-2E22E87EF10E}
		{DF4A21BA-B498-475A-9EDC-94C36701F9B5} = {9DDAA4D9-3334-459E-B359-2E22E87EF10E}
		{0AC3E788-515D-4CF3-A5B6-2ADD6AF5F8FB} = {3DC6471E-FCC4-4DA3-9E8A-B470F1DF951E}
		{3DC6471E-FCC4-4DA3-9E8A-B470F1DF951E} = {E4EC6B2A-012E-4656-ABBD-090D027D6AD7}
		{9DDAA4D9-3334-459E-B359-2E22E87EF10E} = {E4EC6B2A-012E-4656-ABBD-090D027D6AD7}
		{04F8ABAC-878E-4383-ABF7-82FC5E6BFED6} = {E4EC6B2A-012E-4656-ABBD-090D027D6AD7}
		{ABEAA437-C2CA-4C20-9A98-34FFCF8EC5E0} = {3DC6471E-FCC4-4DA3-9E8A-B470F1DF951E}
		{17914F9E-CB50-4F12-AA58-1A51394A1778} = {00B4E88D-1D1D-4DE1-BE8F-BE17DB77245F}
		{1A987859-819E-4266-8C44-8BFE7AEA6646} = {3DC6471E-FCC4-4DA3-9E8A-B470F1DF951E}
		{00B4E88D-1D1D-4DE1-BE8F-BE17DB77245F} = {E4EC6B2A-012E-4656-ABBD-090D027D6AD7}
	EndGlobalSection
	GlobalSection(ExtensibilityGlobals) = postSolution
		SolutionGuid = {187EF8B8-016C-4644-8572-BF5875098EEC}
	EndGlobalSection
EndGlobal
